
Microsoft Visual Studio Solution File, Format Version 12.00
# Visual Studio Version 16
VisualStudioVersion = 16.0.29009.5
MinimumVisualStudioVersion = 10.0.40219.1
Project("{9A19103F-16F7-4668-BE54-9A1E7A4F7556}") = "LiskovSubstitution", "LiskovSubstitution\LiskovSubstitution.csproj", "{3E9D1587-A8EE-4CFA-80B3-973F35EA0522}"
EndProject
Project("{FAE04EC0-301F-11D3-BF4B-00C04F79EFBC}") = "OpenClosed", "OpenClosed\OpenClosed.csproj", "{DE759CDA-018D-4FD8-B688-EFE625D372D9}"
EndProject
Project("{FAE04EC0-301F-11D3-BF4B-00C04F79EFBC}") = "DependencyInversion", "DependencyInversion\DependencyInversion.csproj", "{359E67B6-EA6C-4CF4-A55F-E63466559505}"
EndProject
Global
	GlobalSection(SolutionConfigurationPlatforms) = preSolution
		Debug|Any CPU = Debug|Any CPU
		Release|Any CPU = Release|Any CPU
	EndGlobalSection
	GlobalSection(ProjectConfigurationPlatforms) = postSolution
		{3E9D1587-A8EE-4CFA-80B3-973F35EA0522}.Debug|Any CPU.ActiveCfg = Debug|Any CPU
		{3E9D1587-A8EE-4CFA-80B3-973F35EA0522}.Debug|Any CPU.Build.0 = Debug|Any CPU
		{3E9D1587-A8EE-4CFA-80B3-973F35EA0522}.Release|Any CPU.ActiveCfg = Release|Any CPU
		{3E9D1587-A8EE-4CFA-80B3-973F35EA0522}.Release|Any CPU.Build.0 = Release|Any CPU
		{DE759CDA-018D-4FD8-B688-EFE625D372D9}.Debug|Any CPU.ActiveCfg = Debug|Any CPU
		{DE759CDA-018D-4FD8-B688-EFE625D372D9}.Debug|Any CPU.Build.0 = Debug|Any CPU
		{DE759CDA-018D-4FD8-B688-EFE625D372D9}.Release|Any CPU.ActiveCfg = Release|Any CPU
		{DE759CDA-018D-4FD8-B688-EFE625D372D9}.Release|Any CPU.Build.0 = Release|Any CPU
		{359E67B6-EA6C-4CF4-A55F-E63466559505}.Debug|Any CPU.ActiveCfg = Debug|Any CPU
		{359E67B6-EA6C-4CF4-A55F-E63466559505}.Debug|Any CPU.Build.0 = Debug|Any CPU
		{359E67B6-EA6C-4CF4-A55F-E63466559505}.Release|Any CPU.ActiveCfg = Release|Any CPU
		{359E67B6-EA6C-4CF4-A55F-E63466559505}.Release|Any CPU.Build.0 = Release|Any CPU
	EndGlobalSection
	GlobalSection(SolutionProperties) = preSolution
		HideSolutionNode = FALSE
	EndGlobalSection
	GlobalSection(ExtensibilityGlobals) = postSolution
		SolutionGuid = {68D5A8B6-0DA9-4F28-978E-12398D3BBA5E}
	EndGlobalSection
EndGlobal
